
Microsoft Visual Studio Solution File, Format Version 12.00
# Visual Studio Version 16
VisualStudioVersion = 16.0.30611.23
MinimumVisualStudioVersion = 10.0.40219.1
Project("{FAE04EC0-301F-11D3-BF4B-00C04F79EFBC}") = "ObjectMappers.Benchmark.Model", "ObjectMappers.Benchmark.Model\ObjectMappers.Benchmark.Model.csproj", "{96696C5E-03BA-4D85-9C9F-48435E4BA375}"
EndProject
Project("{FAE04EC0-301F-11D3-BF4B-00C04F79EFBC}") = "ObjectMappers.Benchmark", "ObjectMappers.Benchmark\ObjectMappers.Benchmark.csproj", "{276FD17A-351F-423C-A51E-AE8B77E36D50}"
EndProject
Global
	GlobalSection(SolutionConfigurationPlatforms) = preSolution
		Debug|Any CPU = Debug|Any CPU
		Release|Any CPU = Release|Any CPU
	EndGlobalSection
	GlobalSection(ProjectConfigurationPlatforms) = postSolution
		{96696C5E-03BA-4D85-9C9F-48435E4BA375}.Debug|Any CPU.ActiveCfg = Debug|Any CPU
		{96696C5E-03BA-4D85-9C9F-48435E4BA375}.Debug|Any CPU.Build.0 = Debug|Any CPU
		{96696C5E-03BA-4D85-9C9F-48435E4BA375}.Release|Any CPU.ActiveCfg = Release|Any CPU
		{96696C5E-03BA-4D85-9C9F-48435E4BA375}.Release|Any CPU.Build.0 = Release|Any CPU
		{276FD17A-351F-423C-A51E-AE8B77E36D50}.Debug|Any CPU.ActiveCfg = Debug|Any CPU
		{276FD17A-351F-423C-A51E-AE8B77E36D50}.Debug|Any CPU.Build.0 = Debug|Any CPU
		{276FD17A-351F-423C-A51E-AE8B77E36D50}.Release|Any CPU.ActiveCfg = Release|Any CPU
		{276FD17A-351F-423C-A51E-AE8B77E36D50}.Release|Any CPU.Build.0 = Release|Any CPU
	EndGlobalSection
	GlobalSection(SolutionProperties) = preSolution
		HideSolutionNode = FALSE
	EndGlobalSection
	GlobalSection(ExtensibilityGlobals) = postSolution
		SolutionGuid = {796CCA05-156B-44A0-B3D8-7BF87A7C931B}
	EndGlobalSection
EndGlobal
